
Microsoft Visual Studio Solution File, Format Version 12.00
# Visual Studio Version 17
VisualStudioVersion = 17.10.34916.146
MinimumVisualStudioVersion = 10.0.40219.1
Project("{9A19103F-16F7-4668-BE54-9A1E7A4F7556}") = "PetSpa", "PetSpa\PetSpa.csproj", "{B5842A6F-6E17-4E40-BD61-D9296D84F16B}"
EndProject
Project("{2150E333-8FDC-42A3-9474-1A3956D46DE8}") = "src", "src", "{1A7BC5C9-ABD3-4F1C-8F30-5E12E489E2AC}"
EndProject
Project("{2150E333-8FDC-42A3-9474-1A3956D46DE8}") = "core", "core", "{6D0065D7-D9E5-44AD-B685-761F30F7DA89}"
EndProject
Project("{FAE04EC0-301F-11D3-BF4B-00C04F79EFBC}") = "Payment.Domain", "src\core\Payment.Domain\Payment.Domain.csproj", "{7B248A20-E03D-4558-99F5-A4DACB61A1BC}"
EndProject
Project("{FAE04EC0-301F-11D3-BF4B-00C04F79EFBC}") = "Payment.Application", "src\core\Payment.Application\Payment.Application.csproj", "{720E1297-242A-41C0-A511-414BBBFB829A}"
EndProject
Project("{2150E333-8FDC-42A3-9474-1A3956D46DE8}") = "infras", "infras", "{9509698D-C953-45CD-BA07-56BDB842B181}"
EndProject
Project("{FAE04EC0-301F-11D3-BF4B-00C04F79EFBC}") = "Payment.Persistence", "src\infras\Payment.Persistence\Payment.Persistence.csproj", "{9314DF84-4ABB-4A9B-AD24-1B31E627D4FE}"
EndProject
Project("{2150E333-8FDC-42A3-9474-1A3956D46DE8}") = "pre", "pre", "{C27A7688-A87B-4550-970E-2F8215FED5CC}"
EndProject
Project("{FAE04EC0-301F-11D3-BF4B-00C04F79EFBC}") = "Payment.Api", "src\pre\Payment.Api\Payment.Api.csproj", "{C6BADAE6-B132-4025-87C1-2A1D0F57AD82}"
EndProject
Project("{2150E333-8FDC-42A3-9474-1A3956D46DE8}") = "shared", "shared", "{8F3DC909-7606-4A7F-BD47-44E68342199C}"
EndProject
Project("{FAE04EC0-301F-11D3-BF4B-00C04F79EFBC}") = "Payment.Ultils", "src\shared\Payment.Ultils\Payment.Ultils.csproj", "{04268FA2-EFE9-495D-A2ED-32FBEFB7604B}"
EndProject
Project("{FAE04EC0-301F-11D3-BF4B-00C04F79EFBC}") = "Payment.Service", "src\infras\Payment.Service\Payment.Service.csproj", "{9F6C2C66-AE2E-46C8-AC34-25895B4707E2}"
EndProject
Global
	GlobalSection(SolutionConfigurationPlatforms) = preSolution
		Debug|Any CPU = Debug|Any CPU
		Release|Any CPU = Release|Any CPU
	EndGlobalSection
	GlobalSection(ProjectConfigurationPlatforms) = postSolution
		{B5842A6F-6E17-4E40-BD61-D9296D84F16B}.Debug|Any CPU.ActiveCfg = Debug|Any CPU
		{B5842A6F-6E17-4E40-BD61-D9296D84F16B}.Debug|Any CPU.Build.0 = Debug|Any CPU
		{B5842A6F-6E17-4E40-BD61-D9296D84F16B}.Release|Any CPU.ActiveCfg = Release|Any CPU
		{B5842A6F-6E17-4E40-BD61-D9296D84F16B}.Release|Any CPU.Build.0 = Release|Any CPU
		{7B248A20-E03D-4558-99F5-A4DACB61A1BC}.Debug|Any CPU.ActiveCfg = Debug|Any CPU
		{7B248A20-E03D-4558-99F5-A4DACB61A1BC}.Debug|Any CPU.Build.0 = Debug|Any CPU
		{7B248A20-E03D-4558-99F5-A4DACB61A1BC}.Release|Any CPU.ActiveCfg = Release|Any CPU
		{7B248A20-E03D-4558-99F5-A4DACB61A1BC}.Release|Any CPU.Build.0 = Release|Any CPU
		{720E1297-242A-41C0-A511-414BBBFB829A}.Debug|Any CPU.ActiveCfg = Debug|Any CPU
		{720E1297-242A-41C0-A511-414BBBFB829A}.Debug|Any CPU.Build.0 = Debug|Any CPU
		{720E1297-242A-41C0-A511-414BBBFB829A}.Release|Any CPU.ActiveCfg = Release|Any CPU
		{720E1297-242A-41C0-A511-414BBBFB829A}.Release|Any CPU.Build.0 = Release|Any CPU
		{9314DF84-4ABB-4A9B-AD24-1B31E627D4FE}.Debug|Any CPU.ActiveCfg = Debug|Any CPU
		{9314DF84-4ABB-4A9B-AD24-1B31E627D4FE}.Debug|Any CPU.Build.0 = Debug|Any CPU
		{9314DF84-4ABB-4A9B-AD24-1B31E627D4FE}.Release|Any CPU.ActiveCfg = Release|Any CPU
		{9314DF84-4ABB-4A9B-AD24-1B31E627D4FE}.Release|Any CPU.Build.0 = Release|Any CPU
		{C6BADAE6-B132-4025-87C1-2A1D0F57AD82}.Debug|Any CPU.ActiveCfg = Debug|Any CPU
		{C6BADAE6-B132-4025-87C1-2A1D0F57AD82}.Debug|Any CPU.Build.0 = Debug|Any CPU
		{C6BADAE6-B132-4025-87C1-2A1D0F57AD82}.Release|Any CPU.ActiveCfg = Release|Any CPU
		{C6BADAE6-B132-4025-87C1-2A1D0F57AD82}.Release|Any CPU.Build.0 = Release|Any CPU
		{04268FA2-EFE9-495D-A2ED-32FBEFB7604B}.Debug|Any CPU.ActiveCfg = Debug|Any CPU
		{04268FA2-EFE9-495D-A2ED-32FBEFB7604B}.Debug|Any CPU.Build.0 = Debug|Any CPU
		{04268FA2-EFE9-495D-A2ED-32FBEFB7604B}.Release|Any CPU.ActiveCfg = Release|Any CPU
		{04268FA2-EFE9-495D-A2ED-32FBEFB7604B}.Release|Any CPU.Build.0 = Release|Any CPU
		{9F6C2C66-AE2E-46C8-AC34-25895B4707E2}.Debug|Any CPU.ActiveCfg = Debug|Any CPU
		{9F6C2C66-AE2E-46C8-AC34-25895B4707E2}.Debug|Any CPU.Build.0 = Debug|Any CPU
		{9F6C2C66-AE2E-46C8-AC34-25895B4707E2}.Release|Any CPU.ActiveCfg = Release|Any CPU
		{9F6C2C66-AE2E-46C8-AC34-25895B4707E2}.Release|Any CPU.Build.0 = Release|Any CPU
	EndGlobalSection
	GlobalSection(SolutionProperties) = preSolution
		HideSolutionNode = FALSE
	EndGlobalSection
	GlobalSection(NestedProjects) = preSolution
		{6D0065D7-D9E5-44AD-B685-761F30F7DA89} = {1A7BC5C9-ABD3-4F1C-8F30-5E12E489E2AC}
		{7B248A20-E03D-4558-99F5-A4DACB61A1BC} = {6D0065D7-D9E5-44AD-B685-761F30F7DA89}
		{720E1297-242A-41C0-A511-414BBBFB829A} = {6D0065D7-D9E5-44AD-B685-761F30F7DA89}
		{9509698D-C953-45CD-BA07-56BDB842B181} = {1A7BC5C9-ABD3-4F1C-8F30-5E12E489E2AC}
		{9314DF84-4ABB-4A9B-AD24-1B31E627D4FE} = {9509698D-C953-45CD-BA07-56BDB842B181}
		{C27A7688-A87B-4550-970E-2F8215FED5CC} = {1A7BC5C9-ABD3-4F1C-8F30-5E12E489E2AC}
		{C6BADAE6-B132-4025-87C1-2A1D0F57AD82} = {C27A7688-A87B-4550-970E-2F8215FED5CC}
		{8F3DC909-7606-4A7F-BD47-44E68342199C} = {1A7BC5C9-ABD3-4F1C-8F30-5E12E489E2AC}
		{04268FA2-EFE9-495D-A2ED-32FBEFB7604B} = {8F3DC909-7606-4A7F-BD47-44E68342199C}
		{9F6C2C66-AE2E-46C8-AC34-25895B4707E2} = {9509698D-C953-45CD-BA07-56BDB842B181}
	EndGlobalSection
	GlobalSection(ExtensibilityGlobals) = postSolution
		SolutionGuid = {4B663663-D189-4F38-98A1-9E63940C8F1C}
	EndGlobalSection
EndGlobal
